
Microsoft Visual Studio Solution File, Format Version 12.00
# Visual Studio 15
VisualStudioVersion = 15.0.26730.15
MinimumVisualStudioVersion = 10.0.40219.1
Project("{FAE04EC0-301F-11D3-BF4B-00C04F79EFBC}") = "MarcoCraft", "MarcoCraft.csproj", "{4BF9BE54-6ED7-5D8D-DBD3-A3F44D5C1C43}"
EndProject
Project("{FAE04EC0-301F-11D3-BF4B-00C04F79EFBC}") = "MarcoCraft.Editor", "MarcoCraft.Editor.csproj", "{A8E3127D-7B94-22DA-0136-AD7C250B6490}"
EndProject
Global
	GlobalSection(SolutionConfigurationPlatforms) = preSolution
		Debug|Any CPU = Debug|Any CPU
		Release|Any CPU = Release|Any CPU
	EndGlobalSection
	GlobalSection(ProjectConfigurationPlatforms) = postSolution
		{4BF9BE54-6ED7-5D8D-DBD3-A3F44D5C1C43}.Debug|Any CPU.ActiveCfg = Debug|Any CPU
		{4BF9BE54-6ED7-5D8D-DBD3-A3F44D5C1C43}.Debug|Any CPU.Build.0 = Debug|Any CPU
		{4BF9BE54-6ED7-5D8D-DBD3-A3F44D5C1C43}.Release|Any CPU.ActiveCfg = Release|Any CPU
		{4BF9BE54-6ED7-5D8D-DBD3-A3F44D5C1C43}.Release|Any CPU.Build.0 = Release|Any CPU
		{A8E3127D-7B94-22DA-0136-AD7C250B6490}.Debug|Any CPU.ActiveCfg = Debug|Any CPU
		{A8E3127D-7B94-22DA-0136-AD7C250B6490}.Debug|Any CPU.Build.0 = Debug|Any CPU
		{A8E3127D-7B94-22DA-0136-AD7C250B6490}.Release|Any CPU.ActiveCfg = Release|Any CPU
		{A8E3127D-7B94-22DA-0136-AD7C250B6490}.Release|Any CPU.Build.0 = Release|Any CPU
	EndGlobalSection
	GlobalSection(SolutionProperties) = preSolution
		HideSolutionNode = FALSE
	EndGlobalSection
	GlobalSection(ExtensibilityGlobals) = postSolution
		SolutionGuid = {95DFF936-1DF1-4F86-A367-8F6582095053}
	EndGlobalSection
EndGlobal
